
Microsoft Visual Studio Solution File, Format Version 11.00
# Visual C++ Express 2010
Project("{8BC9CEB8-8B4A-11D0-8D11-00A0C91BC942}") = "Pixel", "Pixel\Pixel.vcxproj", "{F3EF1B73-33AD-4D9D-B3AB-F056A01770C0}"
EndProject
Global
	GlobalSection(SolutionConfigurationPlatforms) = preSolution
		Debug|Win32 = Debug|Win32
		Release|Win32 = Release|Win32
	EndGlobalSection
	GlobalSection(ProjectConfigurationPlatforms) = postSolution
		{F3EF1B73-33AD-4D9D-B3AB-F056A01770C0}.Debug|Win32.ActiveCfg = Debug|Win32
		{F3EF1B73-33AD-4D9D-B3AB-F056A01770C0}.Debug|Win32.Build.0 = Debug|Win32
		{F3EF1B73-33AD-4D9D-B3AB-F056A01770C0}.Release|Win32.ActiveCfg = Release|Win32
		{F3EF1B73-33AD-4D9D-B3AB-F056A01770C0}.Release|Win32.Build.0 = Release|Win32
	EndGlobalSection
	GlobalSection(SolutionProperties) = preSolution
		HideSolutionNode = FALSE
	EndGlobalSection
EndGlobal
